
Microsoft Visual Studio Solution File, Format Version 12.00
# Visual Studio 15
VisualStudioVersion = 15.0.27428.2005
MinimumVisualStudioVersion = 10.0.40219.1
Project("{9A19103F-16F7-4668-BE54-9A1E7A4F7556}") = "vueTest6", "vueTest6.csproj", "{E74B0D62-4894-4B89-9C7A-27376EA8FEDB}"
EndProject
Global
	GlobalSection(SolutionConfigurationPlatforms) = preSolution
		Debug|Any CPU = Debug|Any CPU
		Release|Any CPU = Release|Any CPU
	EndGlobalSection
	GlobalSection(ProjectConfigurationPlatforms) = postSolution
		{E74B0D62-4894-4B89-9C7A-27376EA8FEDB}.Debug|Any CPU.ActiveCfg = Debug|Any CPU
		{E74B0D62-4894-4B89-9C7A-27376EA8FEDB}.Debug|Any CPU.Build.0 = Debug|Any CPU
		{E74B0D62-4894-4B89-9C7A-27376EA8FEDB}.Release|Any CPU.ActiveCfg = Release|Any CPU
		{E74B0D62-4894-4B89-9C7A-27376EA8FEDB}.Release|Any CPU.Build.0 = Release|Any CPU
	EndGlobalSection
	GlobalSection(SolutionProperties) = preSolution
		HideSolutionNode = FALSE
	EndGlobalSection
	GlobalSection(ExtensibilityGlobals) = postSolution
		SolutionGuid = {5B05EC63-0A6D-4417-8580-208BEFB0D9DA}
	EndGlobalSection
EndGlobal
